PODS:
  - DDText/Label (1.0.0)
  - DDText/Parser (1.0.0):
    - DDText/Label

DEPENDENCIES:
  - DDText/Parser (from `../`)

EXTERNAL SOURCES:
  DDText:
    :path: "../"

SPEC CHECKSUMS:
  DDText: d22fea75c51e7d2b7de0fc8a5e5c50602916a0c3

PODFILE CHECKSUM: f0301aa43e5cba3bc5543d1019bc3a139e8dfb2a

COCOAPODS: 1.11.0
